// !$*UTF8*$!
{
	archiveVersion = 1;
	classes = {
	};
	objectVersion = 46;
	objects = {

/* Begin PBXBuildFile section */
		BF8589CC152849C60030FA19 /* dev_plan in Resources */ = {isa = PBXBuildFile; fileRef = BF8589CB152849C60030FA19 /* dev_plan */; };
		BFE9858314DD96C600D881A9 /* UIKit.framework in Frameworks */ = {isa = PBXBuildFile; fileRef = BFE9858214DD96C600D881A9 /* UIKit.framework */; };
		BFE9858514DD96C600D881A9 /* Foundation.framework in Frameworks */ = {isa = PBXBuildFile; fileRef = BFE9858414DD96C600D881A9 /* Foundation.framework */; };
		BFE9858714DD96C600D881A9 /* CoreGraphics.framework in Frameworks */ = {isa = PBXBuildFile; fileRef = BFE9858614DD96C600D881A9 /* CoreGraphics.framework */; };
		BFE9858D14DD96C600D881A9 /* InfoPlist.strings in Resources */ = {isa = PBXBuildFile; fileRef = BFE9858B14DD96C600D881A9 /* InfoPlist.strings */; };
		BFE9858F14DD96C600D881A9 /* main.m in Sources */ = {isa = PBXBuildFile; fileRef = BFE9858E14DD96C600D881A9 /* main.m */; };
		BFE9859314DD96C600D881A9 /* CalculatorAppDelegate.m in Sources */ = {isa = PBXBuildFile; fileRef = BFE9859214DD96C600D881A9 /* CalculatorAppDelegate.m */; };
		BFE9859614DD96C600D881A9 /* MainStoryboard.storyboard in Resources */ = {isa = PBXBuildFile; fileRef = BFE9859414DD96C600D881A9 /* MainStoryboard.storyboard */; };
		BFE9859914DD96C600D881A9 /* CalculatorViewController.m in Sources */ = {isa = PBXBuildFile; fileRef = BFE9859814DD96C600D881A9 /* CalculatorViewController.m */; };
		BFE985A114DDA30300D881A9 /* Calculator.m in Sources */ = {isa = PBXBuildFile; fileRef = BFE985A014DDA30300D881A9 /* Calculator.m */; };
/* End PBXBuildFile section */

/* Begin PBXFileReference section */
		BF8589CB152849C60030FA19 /* dev_plan */ = {isa = PBXFileReference; fileEncoding = 4; lastKnownFileType = text; path = dev_plan; sourceTree = "<group>"; };
		BFE9857E14DD96C600D881A9 /* Calculator.app */ = {isa = PBXFileReference; explicitFileType = wrapper.application; includeInIndex = 0; path = Calculator.app; sourceTree = BUILT_PRODUCTS_DIR; };
		BFE9858214DD96C600D881A9 /* UIKit.framework */ = {isa = PBXFileReference; lastKnownFileType = wrapper.framework; name = UIKit.framework; path = System/Library/Frameworks/UIKit.framework; sourceTree = SDKROOT; };
		BFE9858414DD96C600D881A9 /* Foundation.framework */ = {isa = PBXFileReference; lastKnownFileType = wrapper.framework; name = Foundation.framework; path = System/Library/Frameworks/Foundation.framework; sourceTree = SDKROOT; };
		BFE9858614DD96C600D881A9 /* CoreGraphics.framework */ = {isa = PBXFileReference; lastKnownFileType = wrapper.framework; name = CoreGraphics.framework; path = System/Library/Frameworks/CoreGraphics.framework; sourceTree = SDKROOT; };
		BFE9858A14DD96C600D881A9 /* Calculator-Info.plist */ = {isa = PBXFileReference; lastKnownFileType = text.plist.xml; path = "Calculator-Info.plist"; sourceTree = "<group>"; };
		BFE9858C14DD96C600D881A9 /* en */ = {isa = PBXFileReference; lastKnownFileType = text.plist.strings; name = en; path = en.lproj/InfoPlist.strings; sourceTree = "<group>"; };
		BFE9858E14DD96C600D881A9 /* main.m */ = {isa = PBXFileReference; lastKnownFileType = sourcecode.c.objc; path = main.m; sourceTree = "<group>"; };
		BFE9859014DD96C600D881A9 /* Calculator-Prefix.pch */ = {isa = PBXFileReference; lastKnownFileType = sourcecode.c.h; path = "Calculator-Prefix.pch"; sourceTree = "<group>"; };
		BFE9859114DD96C600D881A9 /* CalculatorAppDelegate.h */ = {isa = PBXFileReference; lastKnownFileType = sourcecode.c.h; path = CalculatorAppDelegate.h; sourceTree = "<group>"; };
		BFE9859214DD96C600D881A9 /* CalculatorAppDelegate.m */ = {isa = PBXFileReference; lastKnownFileType = sourcecode.c.objc; path = CalculatorAppDelegate.m; sourceTree = "<group>"; };
		BFE9859514DD96C600D881A9 /* en */ = {isa = PBXFileReference; lastKnownFileType = file.storyboard; name = en; path = en.lproj/MainStoryboard.storyboard; sourceTree = "<group>"; };
		BFE9859714DD96C600D881A9 /* CalculatorViewController.h */ = {isa = PBXFileReference; lastKnownFileType = sourcecode.c.h; path = CalculatorViewController.h; sourceTree = "<group>"; };
		BFE9859814DD96C600D881A9 /* CalculatorViewController.m */ = {isa = PBXFileReference; lastKnownFileType = sourcecode.c.objc; path = CalculatorViewController.m; sourceTree = "<group>"; };
		BFE9859F14DDA30300D881A9 /* Calculator.h */ = {isa = PBXFileReference; fileEncoding = 4; lastKnownFileType = sourcecode.c.h; path = Calculator.h; sourceTree = "<group>"; };
		BFE985A014DDA30300D881A9 /* Calculator.m */ = {isa = PBXFileReference; fileEncoding = 4; lastKnownFileType = sourcecode.c.objc; path = Calculator.m; sourceTree = "<group>"; };
/* End PBXFileReference section */

/* Begin PBXFrameworksBuildPhase section */
		BFE9857B14DD96C500D881A9 /* Frameworks */ = {
			isa = PBXFrameworksBuildPhase;
			buildActionMask = 2147483647;
			files = (
				BFE9858314DD96C600D881A9 /* UIKit.framework in Frameworks */,
				BFE9858514DD96C600D881A9 /* Foundation.framework in Frameworks */,
				BFE9858714DD96C600D881A9 /* CoreGraphics.framework in Frameworks */,
			);
			runOnlyForDeploymentPostprocessing = 0;
		};
/* End PBXFrameworksBuildPhase section */

/* Begin PBXGroup section */
		BFE9857314DD96C500D881A9 = {
			isa = PBXGroup;
			children = (
				BFE9858814DD96C600D881A9 /* Calculator */,
				BFE9858114DD96C600D881A9 /* Frameworks */,
				BFE9857F14DD96C600D881A9 /* Products */,
			);
			sourceTree = "<group>";
		};
		BFE9857F14DD96C600D881A9 /* Products */ = {
			isa = PBXGroup;
			children = (
				BFE9857E14DD96C600D881A9 /* Calculator.app */,
			);
			name = Products;
			sourceTree = "<group>";
		};
		BFE9858114DD96C600D881A9 /* Frameworks */ = {
			isa = PBXGroup;
			children = (
				BFE9858214DD96C600D881A9 /* UIKit.framework */,
				BFE9858414DD96C600D881A9 /* Foundation.framework */,
				BFE9858614DD96C600D881A9 /* CoreGraphics.framework */,
			);
			name = Frameworks;
			sourceTree = "<group>";
		};
		BFE9858814DD96C600D881A9 /* Calculator */ = {
			isa = PBXGroup;
			children = (
				BFE9859114DD96C600D881A9 /* CalculatorAppDelegate.h */,
				BFE9859214DD96C600D881A9 /* CalculatorAppDelegate.m */,
				BFE9859414DD96C600D881A9 /* MainStoryboard.storyboard */,
				BFE9859F14DDA30300D881A9 /* Calculator.h */,
				BFE985A014DDA30300D881A9 /* Calculator.m */,
				BFE9859714DD96C600D881A9 /* CalculatorViewController.h */,
				BFE9859814DD96C600D881A9 /* CalculatorViewController.m */,
				BFE9858914DD96C600D881A9 /* Supporting Files */,
				BF8589CB152849C60030FA19 /* dev_plan */,
			);
			path = Calculator;
			sourceTree = "<group>";
		};
		BFE9858914DD96C600D881A9 /* Supporting Files */ = {
			isa = PBXGroup;
			children = (
				BFE9858A14DD96C600D881A9 /* Calculator-Info.plist */,
				BFE9858B14DD96C600D881A9 /* InfoPlist.strings */,
				BFE9858E14DD96C600D881A9 /* main.m */,
				BFE9859014DD96C600D881A9 /* Calculator-Prefix.pch */,
			);
			name = "Supporting Files";
			sourceTree = "<group>";
		};
/* End PBXGroup section */

/* Begin PBXNativeTarget section */
		BFE9857D14DD96C500D881A9 /* Calculator */ = {
			isa = PBXNativeTarget;
			buildConfigurationList = BFE9859C14DD96C600D881A9 /* Build configuration list for PBXNativeTarget "Calculator" */;
			buildPhases = (
				BFE9857A14DD96C500D881A9 /* Sources */,
				BFE9857B14DD96C500D881A9 /* Frameworks */,
				BFE9857C14DD96C500D881A9 /* Resources */,
			);
			buildRules = (
			);
			dependencies = (
			);
			name = Calculator;
			productName = Calculator;
			productReference = BFE9857E14DD96C600D881A9 /* Calculator.app */;
			productType = "com.apple.product-type.application";
		};
/* End PBXNativeTarget section */

/* Begin PBXProject section */
		BFE9857514DD96C500D881A9 /* Project object */ = {
			isa = PBXProject;
			attributes = {
				LastUpgradeCheck = 0420;
			};
			buildConfigurationList = BFE9857814DD96C500D881A9 /* Build configuration list for PBXProject "Calculator" */;
			compatibilityVersion = "Xcode 3.2";
			developmentRegion = English;
			hasScannedForEncodings = 0;
			knownRegions = (
				en,
			);
			mainGroup = BFE9857314DD96C500D881A9;
			productRefGroup = BFE9857F14DD96C600D881A9 /* Products */;
			projectDirPath = "";
			projectRoot = "";
			targets = (
				BFE9857D14DD96C500D881A9 /* Calculator */,
			);
		};
/* End PBXProject section */

/* Begin PBXResourcesBuildPhase section */
		BFE9857C14DD96C500D881A9 /* Resources */ = {
			isa = PBXResourcesBuildPhase;
			buildActionMask = 2147483647;
			files = (
				BFE9858D14DD96C600D881A9 /* InfoPlist.strings in Resources */,
				BFE9859614DD96C600D881A9 /* MainStoryboard.storyboard in Resources */,
				BF8589CC152849C60030FA19 /* dev_plan in Resources */,
			);
			runOnlyForDeploymentPostprocessing = 0;
		};
/* End PBXResourcesBuildPhase section */

/* Begin PBXSourcesBuildPhase section */
		BFE9857A14DD96C500D881A9 /* Sources */ = {
			isa = PBXSourcesBuildPhase;
			buildActionMask = 2147483647;
			files = (
				BFE9858F14DD96C600D881A9 /* main.m in Sources */,
				BFE9859314DD96C600D881A9 /* CalculatorAppDelegate.m in Sources */,
				BFE9859914DD96C600D881A9 /* CalculatorViewController.m in Sources */,
				BFE985A114DDA30300D881A9 /* Calculator.m in Sources */,
			);
			runOnlyForDeploymentPostprocessing = 0;
		};
/* End PBXSourcesBuildPhase section */

/* Begin PBXVariantGroup section */
		BFE9858B14DD96C600D881A9 /* InfoPlist.strings */ = {
			isa = PBXVariantGroup;
			children = (
				BFE9858C14DD96C600D881A9 /* en */,
			);
			name = InfoPlist.strings;
			sourceTree = "<group>";
		};
		BFE9859414DD96C600D881A9 /* MainStoryboard.storyboard */ = {
			isa = PBXVariantGroup;
			children = (
				BFE9859514DD96C600D881A9 /* en */,
			);
			name = MainStoryboard.storyboard;
			sourceTree = "<group>";
		};
/* End PBXVariantGroup section */

/* Begin XCBuildConfiguration section */
		BFE9859A14DD96C600D881A9 /* Debug */ = {
			isa = XCBuildConfiguration;
			buildSettings = {
				ALWAYS_SEARCH_USER_PATHS = NO;
				ARCHS = "$(ARCHS_STANDARD_32_BIT)";
				CLANG_ENABLE_OBJC_ARC = YES;
				"CODE_SIGN_IDENTITY[sdk=iphoneos*]" = "iPhone Developer";
				COPY_PHASE_STRIP = NO;
				GCC_C_LANGUAGE_STANDARD = gnu99;
				GCC_DYNAMIC_NO_PIC = NO;
				GCC_OPTIMIZATION_LEVEL = 0;
				GCC_PREPROCESSOR_DEFINITIONS = (
					"DEBUG=1",
					"$(inherited)",
				);
				GCC_SYMBOLS_PRIVATE_EXTERN = NO;
				GCC_VERSION = com.apple.compilers.llvm.clang.1_0;
				GCC_WARN_ABOUT_MISSING_PROTOTYPES = YES;
				GCC_WARN_ABOUT_RETURN_TYPE = YES;
				GCC_WARN_UNUSED_VARIABLE = YES;
				IPHONEOS_DEPLOYMENT_TARGET = 5.0;
				SDKROOT = iphoneos;
			};
			name = Debug;
		};
		BFE9859B14DD96C600D881A9 /* Release */ = {
			isa = XCBuildConfiguration;
			buildSettings = {
				ALWAYS_SEARCH_USER_PATHS = NO;
				ARCHS = "$(ARCHS_STANDARD_32_BIT)";
				CLANG_ENABLE_OBJC_ARC = YES;
				"CODE_SIGN_IDENTITY[sdk=iphoneos*]" = "iPhone Developer";
				COPY_PHASE_STRIP = YES;
				GCC_C_LANGUAGE_STANDARD = gnu99;
				GCC_VERSION = com.apple.compilers.llvm.clang.1_0;
				GCC_WARN_ABOUT_MISSING_PROTOTYPES = YES;
				GCC_WARN_ABOUT_RETURN_TYPE = YES;
				GCC_WARN_UNUSED_VARIABLE = YES;
				IPHONEOS_DEPLOYMENT_TARGET = 5.0;
				OTHER_CFLAGS = "-DNS_BLOCK_ASSERTIONS=1";
				SDKROOT = iphoneos;
				VALIDATE_PRODUCT = YES;
			};
			name = Release;
		};
		BFE9859D14DD96C600D881A9 /* Debug */ = {
			isa = XCBuildConfiguration;
			buildSettings = {
				GCC_PRECOMPILE_PREFIX_HEADER = YES;
				GCC_PREFIX_HEADER = "Calculator/Calculator-Prefix.pch";
				INFOPLIST_FILE = "Calculator/Calculator-Info.plist";
				PRODUCT_NAME = "$(TARGET_NAME)";
				WRAPPER_EXTENSION = app;
			};
			name = Debug;
		};
		BFE9859E14DD96C600D881A9 /* Release */ = {
			isa = XCBuildConfiguration;
			buildSettings = {
				GCC_PRECOMPILE_PREFIX_HEADER = YES;
				GCC_PREFIX_HEADER = "Calculator/Calculator-Prefix.pch";
				INFOPLIST_FILE = "Calculator/Calculator-Info.plist";
				PRODUCT_NAME = "$(TARGET_NAME)";
				WRAPPER_EXTENSION = app;
			};
			name = Release;
		};
/* End XCBuildConfiguration section */

/* Begin XCConfigurationList section */
		BFE9857814DD96C500D881A9 /* Build configuration list for PBXProject "Calculator" */ = {
			isa = XCConfigurationList;
			buildConfigurations = (
				BFE9859A14DD96C600D881A9 /* Debug */,
				BFE9859B14DD96C600D881A9 /* Release */,
			);
			defaultConfigurationIsVisible = 0;
			defaultConfigurationName = Release;
		};
		BFE9859C14DD96C600D881A9 /* Build configuration list for PBXNativeTarget "Calculator" */ = {
			isa = XCConfigurationList;
			buildConfigurations = (
				BFE9859D14DD96C600D881A9 /* Debug */,
				BFE9859E14DD96C600D881A9 /* Release */,
			);
			defaultConfigurationIsVisible = 0;
			defaultConfigurationName = Release;
		};
/* End XCConfigurationList section */
	};
	rootObject = BFE9857514DD96C500D881A9 /* Project object */;
}
